// !$*UTF8*$!
{
	archiveVersion = 1;
	classes = {
	};
	objectVersion = 46;
	objects = {

/* Begin PBXBuildFile section */
		9B67217B1E631DD9000F52D2 /* AppInfoModel.swift in Sources */ = {isa = PBXBuildFile; fileRef = 9B6721791E631DD9000F52D2 /* AppInfoModel.swift */; };
		9B67217C1E631DD9000F52D2 /* CheckVersionMgr.swift in Sources */ = {isa = PBXBuildFile; fileRef = 9B67217A1E631DD9000F52D2 /* CheckVersionMgr.swift */; };
		9BAB95381E61CF9F002E0897 /* AppDelegate.swift in Sources */ = {isa = PBXBuildFile; fileRef = 9BAB95371E61CF9F002E0897 /* AppDelegate.swift */; };
		9BAB953A1E61CF9F002E0897 /* ViewController.swift in Sources */ = {isa = PBXBuildFile; fileRef = 9BAB95391E61CF9F002E0897 /* ViewController.swift */; };
		9BAB953D1E61CF9F002E0897 /* Main.storyboard in Resources */ = {isa = PBXBuildFile; fileRef = 9BAB953B1E61CF9F002E0897 /* Main.storyboard */; };
		9BAB953F1E61CF9F002E0897 /* Assets.xcassets in Resources */ = {isa = PBXBuildFile; fileRef = 9BAB953E1E61CF9F002E0897 /* Assets.xcassets */; };
		9BAB95421E61CF9F002E0897 /* LaunchScreen.storyboard in Resources */ = {isa = PBXBuildFile; fileRef = 9BAB95401E61CF9F002E0897 /* LaunchScreen.storyboard */; };
/* End PBXBuildFile section */

/* Begin PBXFileReference section */
		9B6721791E631DD9000F52D2 /* AppInfoModel.swift */ = {isa = PBXFileReference; fileEncoding = 4; lastKnownFileType = sourcecode.swift; path = AppInfoModel.swift; sourceTree = "<group>"; };
		9B67217A1E631DD9000F52D2 /* CheckVersionMgr.swift */ = {isa = PBXFileReference; fileEncoding = 4; lastKnownFileType = sourcecode.swift; path = CheckVersionMgr.swift; sourceTree = "<group>"; };
		9BAB95341E61CF9F002E0897 /* CheckVersionDemo.app */ = {isa = PBXFileReference; explicitFileType = wrapper.application; includeInIndex = 0; path = CheckVersionDemo.app; sourceTree = BUILT_PRODUCTS_DIR; };
		9BAB95371E61CF9F002E0897 /* AppDelegate.swift */ = {isa = PBXFileReference; lastKnownFileType = sourcecode.swift; path = AppDelegate.swift; sourceTree = "<group>"; };
		9BAB95391E61CF9F002E0897 /* ViewController.swift */ = {isa = PBXFileReference; lastKnownFileType = sourcecode.swift; path = ViewController.swift; sourceTree = "<group>"; };
		9BAB953C1E61CF9F002E0897 /* Base */ = {isa = PBXFileReference; lastKnownFileType = file.storyboard; name = Base; path = Base.lproj/Main.storyboard; sourceTree = "<group>"; };
		9BAB953E1E61CF9F002E0897 /* Assets.xcassets */ = {isa = PBXFileReference; lastKnownFileType = folder.assetcatalog; path = Assets.xcassets; sourceTree = "<group>"; };
		9BAB95411E61CF9F002E0897 /* Base */ = {isa = PBXFileReference; lastKnownFileType = file.storyboard; name = Base; path = Base.lproj/LaunchScreen.storyboard; sourceTree = "<group>"; };
		9BAB95431E61CF9F002E0897 /* Info.plist */ = {isa = PBXFileReference; lastKnownFileType = text.plist.xml; path = Info.plist; sourceTree = "<group>"; };
/* End PBXFileReference section */

/* Begin PBXFrameworksBuildPhase section */
		9BAB95311E61CF9F002E0897 /* Frameworks */ = {
			isa = PBXFrameworksBuildPhase;
			buildActionMask = 2147483647;
			files = (
			);
			runOnlyForDeploymentPostprocessing = 0;
		};
/* End PBXFrameworksBuildPhase section */

/* Begin PBXGroup section */
		9B6721781E631DD9000F52D2 /* CheckVersion */ = {
			isa = PBXGroup;
			children = (
				9B6721791E631DD9000F52D2 /* AppInfoModel.swift */,
				9B67217A1E631DD9000F52D2 /* CheckVersionMgr.swift */,
			);
			name = CheckVersion;
			path = ../../CheckVersion;
			sourceTree = "<group>";
		};
		9BAB952B1E61CF9F002E0897 = {
			isa = PBXGroup;
			children = (
				9BAB95361E61CF9F002E0897 /* CheckVersionDemo */,
				9BAB95351E61CF9F002E0897 /* Products */,
			);
			sourceTree = "<group>";
		};
		9BAB95351E61CF9F002E0897 /* Products */ = {
			isa = PBXGroup;
			children = (
				9BAB95341E61CF9F002E0897 /* CheckVersionDemo.app */,
			);
			name = Products;
			sourceTree = "<group>";
		};
		9BAB95361E61CF9F002E0897 /* CheckVersionDemo */ = {
			isa = PBXGroup;
			children = (
				9B6721781E631DD9000F52D2 /* CheckVersion */,
				9BAB95371E61CF9F002E0897 /* AppDelegate.swift */,
				9BAB95391E61CF9F002E0897 /* ViewController.swift */,
				9BAB953B1E61CF9F002E0897 /* Main.storyboard */,
				9BAB953E1E61CF9F002E0897 /* Assets.xcassets */,
				9BAB95401E61CF9F002E0897 /* LaunchScreen.storyboard */,
				9BAB95431E61CF9F002E0897 /* Info.plist */,
			);
			path = CheckVersionDemo;
			sourceTree = "<group>";
		};
/* End PBXGroup section */

/* Begin PBXNativeTarget section */
		9BAB95331E61CF9F002E0897 /* CheckVersionDemo */ = {
			isa = PBXNativeTarget;
			buildConfigurationList = 9BAB95461E61CF9F002E0897 /* Build configuration list for PBXNativeTarget "CheckVersionDemo" */;
			buildPhases = (
				9BAB95301E61CF9F002E0897 /* Sources */,
				9BAB95311E61CF9F002E0897 /* Frameworks */,
				9BAB95321E61CF9F002E0897 /* Resources */,
			);
			buildRules = (
			);
			dependencies = (
			);
			name = CheckVersionDemo;
			productName = CheckVersionDemo;
			productReference = 9BAB95341E61CF9F002E0897 /* CheckVersionDemo.app */;
			productType = "com.apple.product-type.application";
		};
/* End PBXNativeTarget section */

/* Begin PBXProject section */
		9BAB952C1E61CF9F002E0897 /* Project object */ = {
			isa = PBXProject;
			attributes = {
				LastSwiftUpdateCheck = 0820;
				LastUpgradeCheck = 0820;
				ORGANIZATIONNAME = lee;
				TargetAttributes = {
					9BAB95331E61CF9F002E0897 = {
						CreatedOnToolsVersion = 8.2.1;
						DevelopmentTeam = U2HALC3CZQ;
						ProvisioningStyle = Automatic;
					};
				};
			};
			buildConfigurationList = 9BAB952F1E61CF9F002E0897 /* Build configuration list for PBXProject "CheckVersionDemo" */;
			compatibilityVersion = "Xcode 3.2";
			developmentRegion = English;
			hasScannedForEncodings = 0;
			knownRegions = (
				en,
				Base,
			);
			mainGroup = 9BAB952B1E61CF9F002E0897;
			productRefGroup = 9BAB95351E61CF9F002E0897 /* Products */;
			projectDirPath = "";
			projectRoot = "";
			targets = (
				9BAB95331E61CF9F002E0897 /* CheckVersionDemo */,
			);
		};
/* End PBXProject section */

/* Begin PBXResourcesBuildPhase section */
		9BAB95321E61CF9F002E0897 /* Resources */ = {
			isa = PBXResourcesBuildPhase;
			buildActionMask = 2147483647;
			files = (
				9BAB95421E61CF9F002E0897 /* LaunchScreen.storyboard in Resources */,
				9BAB953F1E61CF9F002E0897 /* Assets.xcassets in Resources */,
				9BAB953D1E61CF9F002E0897 /* Main.storyboard in Resources */,
			);
			runOnlyForDeploymentPostprocessing = 0;
		};
/* End PBXResourcesBuildPhase section */

/* Begin PBXSourcesBuildPhase section */
		9BAB95301E61CF9F002E0897 /* Sources */ = {
			isa = PBXSourcesBuildPhase;
			buildActionMask = 2147483647;
			files = (
				9BAB953A1E61CF9F002E0897 /* ViewController.swift in Sources */,
				9B67217B1E631DD9000F52D2 /* AppInfoModel.swift in Sources */,
				9B67217C1E631DD9000F52D2 /* CheckVersionMgr.swift in Sources */,
				9BAB95381E61CF9F002E0897 /* AppDelegate.swift in Sources */,
			);
			runOnlyForDeploymentPostprocessing = 0;
		};
/* End PBXSourcesBuildPhase section */

/* Begin PBXVariantGroup section */
		9BAB953B1E61CF9F002E0897 /* Main.storyboard */ = {
			isa = PBXVariantGroup;
			children = (
				9BAB953C1E61CF9F002E0897 /* Base */,
			);
			name = Main.storyboard;
			sourceTree = "<group>";
		};
		9BAB95401E61CF9F002E0897 /* LaunchScreen.storyboard */ = {
			isa = PBXVariantGroup;
			children = (
				9BAB95411E61CF9F002E0897 /* Base */,
			);
			name = LaunchScreen.storyboard;
			sourceTree = "<group>";
		};
/* End PBXVariantGroup section */

/* Begin XCBuildConfiguration section */
		9BAB95441E61CF9F002E0897 /* Debug */ = {
			isa = XCBuildConfiguration;
			buildSettings = {
				ALWAYS_SEARCH_USER_PATHS = NO;
				CLANG_ANALYZER_NONNULL = YES;
				CLANG_CXX_LANGUAGE_STANDARD = "gnu++0x";
				CLANG_CXX_LIBRARY = "libc++";
				CLANG_ENABLE_MODULES = YES;
				CLANG_ENABLE_OBJC_ARC = YES;
				CLANG_WARN_BOOL_CONVERSION = YES;
				CLANG_WARN_CONSTANT_CONVERSION = YES;
				CLANG_WARN_DIRECT_OBJC_ISA_USAGE = YES_ERROR;
				CLANG_WARN_DOCUMENTATION_COMMENTS = YES;
				CLANG_WARN_EMPTY_BODY = YES;
				CLANG_WARN_ENUM_CONVERSION = YES;
				CLANG_WARN_INFINITE_RECURSION = YES;
				CLANG_WARN_INT_CONVERSION = YES;
				CLANG_WARN_OBJC_ROOT_CLASS = YES_ERROR;
				CLANG_WARN_SUSPICIOUS_MOVE = YES;
				CLANG_WARN_UNREACHABLE_CODE = YES;
				CLANG_WARN__DUPLICATE_METHOD_MATCH = YES;
				"CODE_SIGN_IDENTITY[sdk=iphoneos*]" = "iPhone Developer";
				COPY_PHASE_STRIP = NO;
				DEBUG_INFORMATION_FORMAT = dwarf;
				ENABLE_STRICT_OBJC_MSGSEND = YES;
				ENABLE_TESTABILITY = YES;
				GCC_C_LANGUAGE_STANDARD = gnu99;
				GCC_DYNAMIC_NO_PIC = NO;
				GCC_NO_COMMON_BLOCKS = YES;
				GCC_OPTIMIZATION_LEVEL = 0;
				GCC_PREPROCESSOR_DEFINITIONS = (
					"DEBUG=1",
					"$(inherited)",
				);
				GCC_WARN_64_TO_32_BIT_CONVERSION = YES;
				GCC_WARN_ABOUT_RETURN_TYPE = YES_ERROR;
				GCC_WARN_UNDECLARED_SELECTOR = YES;
				GCC_WARN_UNINITIALIZED_AUTOS = YES_AGGRESSIVE;
				GCC_WARN_UNUSED_FUNCTION = YES;
				GCC_WARN_UNUSED_VARIABLE = YES;
				IPHONEOS_DEPLOYMENT_TARGET = 10.2;
				MTL_ENABLE_DEBUG_INFO = YES;
				ONLY_ACTIVE_ARCH = YES;
				SDKROOT = iphoneos;
				SWIFT_ACTIVE_COMPILATION_CONDITIONS = DEBUG;
				SWIFT_OPTIMIZATION_LEVEL = "-Onone";
			};
			name = Debug;
		};
		9BAB95451E61CF9F002E0897 /* Release */ = {
			isa = XCBuildConfiguration;
			buildSettings = {
				ALWAYS_SEARCH_USER_PATHS = NO;
				CLANG_ANALYZER_NONNULL = YES;
				CLANG_CXX_LANGUAGE_STANDARD = "gnu++0x";
				CLANG_CXX_LIBRARY = "libc++";
				CLANG_ENABLE_MODULES = YES;
				CLANG_ENABLE_OBJC_ARC = YES;
				CLANG_WARN_BOOL_CONVERSION = YES;
				CLANG_WARN_CONSTANT_CONVERSION = YES;
				CLANG_WARN_DIRECT_OBJC_ISA_USAGE = YES_ERROR;
				CLANG_WARN_DOCUMENTATION_COMMENTS = YES;
				CLANG_WARN_EMPTY_BODY = YES;
				CLANG_WARN_ENUM_CONVERSION = YES;
				CLANG_WARN_INFINITE_RECURSION = YES;
				CLANG_WARN_INT_CONVERSION = YES;
				CLANG_WARN_OBJC_ROOT_CLASS = YES_ERROR;
				CLANG_WARN_SUSPICIOUS_MOVE = YES;
				CLANG_WARN_UNREACHABLE_CODE = YES;
				CLANG_WARN__DUPLICATE_METHOD_MATCH = YES;
				"CODE_SIGN_IDENTITY[sdk=iphoneos*]" = "iPhone Developer";
				COPY_PHASE_STRIP = NO;
				DEBUG_INFORMATION_FORMAT = "dwarf-with-dsym";
				ENABLE_NS_ASSERTIONS = NO;
				ENABLE_STRICT_OBJC_MSGSEND = YES;
				GCC_C_LANGUAGE_STANDARD = gnu99;
				GCC_NO_COMMON_BLOCKS = YES;
				GCC_WARN_64_TO_32_BIT_CONVERSION = YES;
				GCC_WARN_ABOUT_RETURN_TYPE = YES_ERROR;
				GCC_WARN_UNDECLARED_SELECTOR = YES;
				GCC_WARN_UNINITIALIZED_AUTOS = YES_AGGRESSIVE;
				GCC_WARN_UNUSED_FUNCTION = YES;
				GCC_WARN_UNUSED_VARIABLE = YES;
				IPHONEOS_DEPLOYMENT_TARGET = 10.2;
				MTL_ENABLE_DEBUG_INFO = NO;
				SDKROOT = iphoneos;
				SWIFT_OPTIMIZATION_LEVEL = "-Owholemodule";
				VALIDATE_PRODUCT = YES;
			};
			name = Release;
		};
		9BAB95471E61CF9F002E0897 /* Debug */ = {
			isa = XCBuildConfiguration;
			buildSettings = {
				ASSETCATALOG_COMPILER_APPICON_NAME = AppIcon;
				DEVELOPMENT_TEAM = U2HALC3CZQ;
				INFOPLIST_FILE = CheckVersionDemo/Info.plist;
				IPHONEOS_DEPLOYMENT_TARGET = 8.0;
				LD_RUNPATH_SEARCH_PATHS = "$(inherited) @executable_path/Frameworks";
				PRODUCT_BUNDLE_IDENTIFIER = com.hang.CheckVersionDemo;
				PRODUCT_NAME = "$(TARGET_NAME)";
				SWIFT_VERSION = 3.0;
			};
			name = Debug;
		};
		9BAB95481E61CF9F002E0897 /* Release */ = {
			isa = XCBuildConfiguration;
			buildSettings = {
				ASSETCATALOG_COMPILER_APPICON_NAME = AppIcon;
				DEVELOPMENT_TEAM = U2HALC3CZQ;
				INFOPLIST_FILE = CheckVersionDemo/Info.plist;
				IPHONEOS_DEPLOYMENT_TARGET = 8.0;
				LD_RUNPATH_SEARCH_PATHS = "$(inherited) @executable_path/Frameworks";
				PRODUCT_BUNDLE_IDENTIFIER = com.hang.CheckVersionDemo;
				PRODUCT_NAME = "$(TARGET_NAME)";
				SWIFT_VERSION = 3.0;
			};
			name = Release;
		};
/* End XCBuildConfiguration section */

/* Begin XCConfigurationList section */
		9BAB952F1E61CF9F002E0897 /* Build configuration list for PBXProject "CheckVersionDemo" */ = {
			isa = XCConfigurationList;
			buildConfigurations = (
				9BAB95441E61CF9F002E0897 /* Debug */,
				9BAB95451E61CF9F002E0897 /* Release */,
			);
			defaultConfigurationIsVisible = 0;
			defaultConfigurationName = Release;
		};
		9BAB95461E61CF9F002E0897 /* Build configuration list for PBXNativeTarget "CheckVersionDemo" */ = {
			isa = XCConfigurationList;
			buildConfigurations = (
				9BAB95471E61CF9F002E0897 /* Debug */,
				9BAB95481E61CF9F002E0897 /* Release */,
			);
			defaultConfigurationIsVisible = 0;
			defaultConfigurationName = Release;
		};
/* End XCConfigurationList section */
	};
	rootObject = 9BAB952C1E61CF9F002E0897 /* Project object */;
}
